
Microsoft Visual Studio Solution File, Format Version 12.00
# Visual Studio Version 17
VisualStudioVersion = 17.7.34031.279
MinimumVisualStudioVersion = 10.0.40219.1
Project("{FAE04EC0-301F-11D3-BF4B-00C04F79EFBC}") = "BinaryStrings", "BinaryStrings.csproj", "{99271B18-90B8-4547-B021-2465C5F49027}"
EndProject
Global
	GlobalSection(SolutionConfigurationPlatforms) = preSolution
		Debug|Any CPU = Debug|Any CPU
		Release|Any CPU = Release|Any CPU
	EndGlobalSection
	GlobalSection(ProjectConfigurationPlatforms) = postSolution
		{99271B18-90B8-4547-B021-2465C5F49027}.Debug|Any CPU.ActiveCfg = Debug|Any CPU
		{99271B18-90B8-4547-B021-2465C5F49027}.Debug|Any CPU.Build.0 = Debug|Any CPU
		{99271B18-90B8-4547-B021-2465C5F49027}.Release|Any CPU.ActiveCfg = Release|Any CPU
		{99271B18-90B8-4547-B021-2465C5F49027}.Release|Any CPU.Build.0 = Release|Any CPU
	EndGlobalSection
	GlobalSection(SolutionProperties) = preSolution
		HideSolutionNode = FALSE
	EndGlobalSection
	GlobalSection(ExtensibilityGlobals) = postSolution
		SolutionGuid = {3D7C5B4D-939B-4A8A-8F1C-70503754DBB6}
	EndGlobalSection
EndGlobal
